// !$*UTF8*$!
{
	archiveVersion = 1;
	classes = {
	};
	objectVersion = 46;
	objects = {

/* Begin PBXBuildFile section */
		E3824CB81CD3A8650039301A /* main.m in Sources */ = {isa = PBXBuildFile; fileRef = E3824CB71CD3A8640039301A /* main.m */; };
		E3824CBB1CD3A8650039301A /* AppDelegate.m in Sources */ = {isa = PBXBuildFile; fileRef = E3824CBA1CD3A8650039301A /* AppDelegate.m */; };
		E3824CBE1CD3A8650039301A /* ViewController.m in Sources */ = {isa = PBXBuildFile; fileRef = E3824CBD1CD3A8650039301A /* ViewController.m */; };
		E3824CC11CD3A8650039301A /* Main.storyboard in Resources */ = {isa = PBXBuildFile; fileRef = E3824CBF1CD3A8650039301A /* Main.storyboard */; };
		E3824CC31CD3A8650039301A /* Assets.xcassets in Resources */ = {isa = PBXBuildFile; fileRef = E3824CC21CD3A8650039301A /* Assets.xcassets */; };
		E3824CC61CD3A8650039301A /* LaunchScreen.storyboard in Resources */ = {isa = PBXBuildFile; fileRef = E3824CC41CD3A8650039301A /* LaunchScreen.storyboard */; };
		E3824CCF1CD3ABC30039301A /* AddressViewController.m in Sources */ = {isa = PBXBuildFile; fileRef = E3824CCE1CD3ABC30039301A /* AddressViewController.m */; };
		E3824CD21CD3B71D0039301A /* Address.m in Sources */ = {isa = PBXBuildFile; fileRef = E3824CD11CD3B71D0039301A /* Address.m */; };
		E3824CD61CD434E80039301A /* CoreLocation.framework in Frameworks */ = {isa = PBXBuildFile; fileRef = E3824CD51CD434E80039301A /* CoreLocation.framework */; };
		E3824CD81CD435060039301A /* AddressBook.framework in Frameworks */ = {isa = PBXBuildFile; fileRef = E3824CD71CD435060039301A /* AddressBook.framework */; };
		E3824CDA1CD43D8A0039301A /* MapKit.framework in Frameworks */ = {isa = PBXBuildFile; fileRef = E3824CD91CD43D8A0039301A /* MapKit.framework */; };
/* End PBXBuildFile section */

/* Begin PBXFileReference section */
		E3824CB31CD3A8640039301A /* MuttCutts.app */ = {isa = PBXFileReference; explicitFileType = wrapper.application; includeInIndex = 0; path = MuttCutts.app; sourceTree = BUILT_PRODUCTS_DIR; };
		E3824CB71CD3A8640039301A /* main.m */ = {isa = PBXFileReference; lastKnownFileType = sourcecode.c.objc; path = main.m; sourceTree = "<group>"; };
		E3824CB91CD3A8650039301A /* AppDelegate.h */ = {isa = PBXFileReference; lastKnownFileType = sourcecode.c.h; path = AppDelegate.h; sourceTree = "<group>"; };
		E3824CBA1CD3A8650039301A /* AppDelegate.m */ = {isa = PBXFileReference; lastKnownFileType = sourcecode.c.objc; path = AppDelegate.m; sourceTree = "<group>"; };
		E3824CBC1CD3A8650039301A /* ViewController.h */ = {isa = PBXFileReference; lastKnownFileType = sourcecode.c.h; path = ViewController.h; sourceTree = "<group>"; };
		E3824CBD1CD3A8650039301A /* ViewController.m */ = {isa = PBXFileReference; lastKnownFileType = sourcecode.c.objc; path = ViewController.m; sourceTree = "<group>"; };
		E3824CC01CD3A8650039301A /* Base */ = {isa = PBXFileReference; lastKnownFileType = file.storyboard; name = Base; path = Base.lproj/Main.storyboard; sourceTree = "<group>"; };
		E3824CC21CD3A8650039301A /* Assets.xcassets */ = {isa = PBXFileReference; lastKnownFileType = folder.assetcatalog; path = Assets.xcassets; sourceTree = "<group>"; };
		E3824CC51CD3A8650039301A /* Base */ = {isa = PBXFileReference; lastKnownFileType = file.storyboard; name = Base; path = Base.lproj/LaunchScreen.storyboard; sourceTree = "<group>"; };
		E3824CC71CD3A8650039301A /* Info.plist */ = {isa = PBXFileReference; lastKnownFileType = text.plist.xml; path = Info.plist; sourceTree = "<group>"; };
		E3824CCD1CD3ABC30039301A /* AddressViewController.h */ = {isa = PBXFileReference; fileEncoding = 4; lastKnownFileType = sourcecode.c.h; path = AddressViewController.h; sourceTree = "<group>"; };
		E3824CCE1CD3ABC30039301A /* AddressViewController.m */ = {isa = PBXFileReference; fileEncoding = 4; lastKnownFileType = sourcecode.c.objc; path = AddressViewController.m; sourceTree = "<group>"; };
		E3824CD01CD3B71D0039301A /* Address.h */ = {isa = PBXFileReference; fileEncoding = 4; lastKnownFileType = sourcecode.c.h; path = Address.h; sourceTree = "<group>"; };
		E3824CD11CD3B71D0039301A /* Address.m */ = {isa = PBXFileReference; fileEncoding = 4; lastKnownFileType = sourcecode.c.objc; path = Address.m; sourceTree = "<group>"; };
		E3824CD51CD434E80039301A /* CoreLocation.framework */ = {isa = PBXFileReference; lastKnownFileType = wrapper.framework; name = CoreLocation.framework; path = System/Library/Frameworks/CoreLocation.framework; sourceTree = SDKROOT; };
		E3824CD71CD435060039301A /* AddressBook.framework */ = {isa = PBXFileReference; lastKnownFileType = wrapper.framework; name = AddressBook.framework; path = System/Library/Frameworks/AddressBook.framework; sourceTree = SDKROOT; };
		E3824CD91CD43D8A0039301A /* MapKit.framework */ = {isa = PBXFileReference; lastKnownFileType = wrapper.framework; name = MapKit.framework; path = System/Library/Frameworks/MapKit.framework; sourceTree = SDKROOT; };
/* End PBXFileReference section */

/* Begin PBXFrameworksBuildPhase section */
		E3824CB01CD3A8640039301A /* Frameworks */ = {
			isa = PBXFrameworksBuildPhase;
			buildActionMask = 2147483647;
			files = (
				E3824CD81CD435060039301A /* AddressBook.framework in Frameworks */,
				E3824CDA1CD43D8A0039301A /* MapKit.framework in Frameworks */,
				E3824CD61CD434E80039301A /* CoreLocation.framework in Frameworks */,
			);
			runOnlyForDeploymentPostprocessing = 0;
		};
/* End PBXFrameworksBuildPhase section */

/* Begin PBXGroup section */
		E3824CAA1CD3A8640039301A = {
			isa = PBXGroup;
			children = (
				E3824CD91CD43D8A0039301A /* MapKit.framework */,
				E3824CD71CD435060039301A /* AddressBook.framework */,
				E3824CD51CD434E80039301A /* CoreLocation.framework */,
				E3824CB51CD3A8640039301A /* MuttCutts */,
				E3824CB41CD3A8640039301A /* Products */,
			);
			sourceTree = "<group>";
		};
		E3824CB41CD3A8640039301A /* Products */ = {
			isa = PBXGroup;
			children = (
				E3824CB31CD3A8640039301A /* MuttCutts.app */,
			);
			name = Products;
			sourceTree = "<group>";
		};
		E3824CB51CD3A8640039301A /* MuttCutts */ = {
			isa = PBXGroup;
			children = (
				E3824CD01CD3B71D0039301A /* Address.h */,
				E3824CD11CD3B71D0039301A /* Address.m */,
				E3824CCD1CD3ABC30039301A /* AddressViewController.h */,
				E3824CCE1CD3ABC30039301A /* AddressViewController.m */,
				E3824CBC1CD3A8650039301A /* ViewController.h */,
				E3824CBD1CD3A8650039301A /* ViewController.m */,
				E3824CB91CD3A8650039301A /* AppDelegate.h */,
				E3824CBA1CD3A8650039301A /* AppDelegate.m */,
				E3824CBF1CD3A8650039301A /* Main.storyboard */,
				E3824CC21CD3A8650039301A /* Assets.xcassets */,
				E3824CC41CD3A8650039301A /* LaunchScreen.storyboard */,
				E3824CC71CD3A8650039301A /* Info.plist */,
				E3824CB61CD3A8640039301A /* Supporting Files */,
			);
			path = MuttCutts;
			sourceTree = "<group>";
		};
		E3824CB61CD3A8640039301A /* Supporting Files */ = {
			isa = PBXGroup;
			children = (
				E3824CB71CD3A8640039301A /* main.m */,
			);
			name = "Supporting Files";
			sourceTree = "<group>";
		};
/* End PBXGroup section */

/* Begin PBXNativeTarget section */
		E3824CB21CD3A8640039301A /* MuttCutts */ = {
			isa = PBXNativeTarget;
			buildConfigurationList = E3824CCA1CD3A8650039301A /* Build configuration list for PBXNativeTarget "MuttCutts" */;
			buildPhases = (
				E3824CAF1CD3A8640039301A /* Sources */,
				E3824CB01CD3A8640039301A /* Frameworks */,
				E3824CB11CD3A8640039301A /* Resources */,
			);
			buildRules = (
			);
			dependencies = (
			);
			name = MuttCutts;
			productName = MuttCutts;
			productReference = E3824CB31CD3A8640039301A /* MuttCutts.app */;
			productType = "com.apple.product-type.application";
		};
/* End PBXNativeTarget section */

/* Begin PBXProject section */
		E3824CAB1CD3A8640039301A /* Project object */ = {
			isa = PBXProject;
			attributes = {
				LastUpgradeCheck = 0730;
				ORGANIZATIONNAME = "Tom Williamson";
				TargetAttributes = {
					E3824CB21CD3A8640039301A = {
						CreatedOnToolsVersion = 7.3;
						SystemCapabilities = {
							com.apple.Maps.iOS = {
								enabled = 1;
							};
						};
					};
				};
			};
			buildConfigurationList = E3824CAE1CD3A8640039301A /* Build configuration list for PBXProject "MuttCutts" */;
			compatibilityVersion = "Xcode 3.2";
			developmentRegion = English;
			hasScannedForEncodings = 0;
			knownRegions = (
				en,
				Base,
			);
			mainGroup = E3824CAA1CD3A8640039301A;
			productRefGroup = E3824CB41CD3A8640039301A /* Products */;
			projectDirPath = "";
			projectRoot = "";
			targets = (
				E3824CB21CD3A8640039301A /* MuttCutts */,
			);
		};
/* End PBXProject section */

/* Begin PBXResourcesBuildPhase section */
		E3824CB11CD3A8640039301A /* Resources */ = {
			isa = PBXResourcesBuildPhase;
			buildActionMask = 2147483647;
			files = (
				E3824CC61CD3A8650039301A /* LaunchScreen.storyboard in Resources */,
				E3824CC31CD3A8650039301A /* Assets.xcassets in Resources */,
				E3824CC11CD3A8650039301A /* Main.storyboard in Resources */,
			);
			runOnlyForDeploymentPostprocessing = 0;
		};
/* End PBXResourcesBuildPhase section */

/* Begin PBXSourcesBuildPhase section */
		E3824CAF1CD3A8640039301A /* Sources */ = {
			isa = PBXSourcesBuildPhase;
			buildActionMask = 2147483647;
			files = (
				E3824CBE1CD3A8650039301A /* ViewController.m in Sources */,
				E3824CBB1CD3A8650039301A /* AppDelegate.m in Sources */,
				E3824CB81CD3A8650039301A /* main.m in Sources */,
				E3824CD21CD3B71D0039301A /* Address.m in Sources */,
				E3824CCF1CD3ABC30039301A /* AddressViewController.m in Sources */,
			);
			runOnlyForDeploymentPostprocessing = 0;
		};
/* End PBXSourcesBuildPhase section */

/* Begin PBXVariantGroup section */
		E3824CBF1CD3A8650039301A /* Main.storyboard */ = {
			isa = PBXVariantGroup;
			children = (
				E3824CC01CD3A8650039301A /* Base */,
			);
			name = Main.storyboard;
			sourceTree = "<group>";
		};
		E3824CC41CD3A8650039301A /* LaunchScreen.storyboard */ = {
			isa = PBXVariantGroup;
			children = (
				E3824CC51CD3A8650039301A /* Base */,
			);
			name = LaunchScreen.storyboard;
			sourceTree = "<group>";
		};
/* End PBXVariantGroup section */

/* Begin XCBuildConfiguration section */
		E3824CC81CD3A8650039301A /* Debug */ = {
			isa = XCBuildConfiguration;
			buildSettings = {
				ALWAYS_SEARCH_USER_PATHS = NO;
				CLANG_ANALYZER_NONNULL = YES;
				CLANG_CXX_LANGUAGE_STANDARD = "gnu++0x";
				CLANG_CXX_LIBRARY = "libc++";
				CLANG_ENABLE_MODULES = YES;
				CLANG_ENABLE_OBJC_ARC = YES;
				CLANG_WARN_BOOL_CONVERSION = YES;
				CLANG_WARN_CONSTANT_CONVERSION = YES;
				CLANG_WARN_DIRECT_OBJC_ISA_USAGE = YES_ERROR;
				CLANG_WARN_EMPTY_BODY = YES;
				CLANG_WARN_ENUM_CONVERSION = YES;
				CLANG_WARN_INT_CONVERSION = YES;
				CLANG_WARN_OBJC_ROOT_CLASS = YES_ERROR;
				CLANG_WARN_UNREACHABLE_CODE = YES;
				CLANG_WARN__DUPLICATE_METHOD_MATCH = YES;
				"CODE_SIGN_IDENTITY[sdk=iphoneos*]" = "iPhone Developer";
				COPY_PHASE_STRIP = NO;
				DEBUG_INFORMATION_FORMAT = dwarf;
				ENABLE_STRICT_OBJC_MSGSEND = YES;
				ENABLE_TESTABILITY = YES;
				GCC_C_LANGUAGE_STANDARD = gnu99;
				GCC_DYNAMIC_NO_PIC = NO;
				GCC_NO_COMMON_BLOCKS = YES;
				GCC_OPTIMIZATION_LEVEL = 0;
				GCC_PREPROCESSOR_DEFINITIONS = (
					"DEBUG=1",
					"$(inherited)",
				);
				GCC_WARN_64_TO_32_BIT_CONVERSION = YES;
				GCC_WARN_ABOUT_RETURN_TYPE = YES_ERROR;
				GCC_WARN_UNDECLARED_SELECTOR = YES;
				GCC_WARN_UNINITIALIZED_AUTOS = YES_AGGRESSIVE;
				GCC_WARN_UNUSED_FUNCTION = YES;
				GCC_WARN_UNUSED_VARIABLE = YES;
				IPHONEOS_DEPLOYMENT_TARGET = 9.3;
				MTL_ENABLE_DEBUG_INFO = YES;
				ONLY_ACTIVE_ARCH = YES;
				SDKROOT = iphoneos;
				TARGETED_DEVICE_FAMILY = "1,2";
			};
			name = Debug;
		};
		E3824CC91CD3A8650039301A /* Release */ = {
			isa = XCBuildConfiguration;
			buildSettings = {
				ALWAYS_SEARCH_USER_PATHS = NO;
				CLANG_ANALYZER_NONNULL = YES;
				CLANG_CXX_LANGUAGE_STANDARD = "gnu++0x";
				CLANG_CXX_LIBRARY = "libc++";
				CLANG_ENABLE_MODULES = YES;
				CLANG_ENABLE_OBJC_ARC = YES;
				CLANG_WARN_BOOL_CONVERSION = YES;
				CLANG_WARN_CONSTANT_CONVERSION = YES;
				CLANG_WARN_DIRECT_OBJC_ISA_USAGE = YES_ERROR;
				CLANG_WARN_EMPTY_BODY = YES;
				CLANG_WARN_ENUM_CONVERSION = YES;
				CLANG_WARN_INT_CONVERSION = YES;
				CLANG_WARN_OBJC_ROOT_CLASS = YES_ERROR;
				CLANG_WARN_UNREACHABLE_CODE = YES;
				CLANG_WARN__DUPLICATE_METHOD_MATCH = YES;
				"CODE_SIGN_IDENTITY[sdk=iphoneos*]" = "iPhone Developer";
				COPY_PHASE_STRIP = NO;
				DEBUG_INFORMATION_FORMAT = "dwarf-with-dsym";
				ENABLE_NS_ASSERTIONS = NO;
				ENABLE_STRICT_OBJC_MSGSEND = YES;
				GCC_C_LANGUAGE_STANDARD = gnu99;
				GCC_NO_COMMON_BLOCKS = YES;
				GCC_WARN_64_TO_32_BIT_CONVERSION = YES;
				GCC_WARN_ABOUT_RETURN_TYPE = YES_ERROR;
				GCC_WARN_UNDECLARED_SELECTOR = YES;
				GCC_WARN_UNINITIALIZED_AUTOS = YES_AGGRESSIVE;
				GCC_WARN_UNUSED_FUNCTION = YES;
				GCC_WARN_UNUSED_VARIABLE = YES;
				IPHONEOS_DEPLOYMENT_TARGET = 9.3;
				MTL_ENABLE_DEBUG_INFO = NO;
				SDKROOT = iphoneos;
				TARGETED_DEVICE_FAMILY = "1,2";
				VALIDATE_PRODUCT = YES;
			};
			name = Release;
		};
		E3824CCB1CD3A8650039301A /* Debug */ = {
			isa = XCBuildConfiguration;
			buildSettings = {
				ASSETCATALOG_COMPILER_APPICON_NAME = AppIcon;
				INFOPLIST_FILE = MuttCutts/Info.plist;
				LD_RUNPATH_SEARCH_PATHS = "$(inherited) @executable_path/Frameworks";
				PRODUCT_BUNDLE_IDENTIFIER = com.dtssoftware.MuttCutts;
				PRODUCT_NAME = "$(TARGET_NAME)";
			};
			name = Debug;
		};
		E3824CCC1CD3A8650039301A /* Release */ = {
			isa = XCBuildConfiguration;
			buildSettings = {
				ASSETCATALOG_COMPILER_APPICON_NAME = AppIcon;
				INFOPLIST_FILE = MuttCutts/Info.plist;
				LD_RUNPATH_SEARCH_PATHS = "$(inherited) @executable_path/Frameworks";
				PRODUCT_BUNDLE_IDENTIFIER = com.dtssoftware.MuttCutts;
				PRODUCT_NAME = "$(TARGET_NAME)";
			};
			name = Release;
		};
/* End XCBuildConfiguration section */

/* Begin XCConfigurationList section */
		E3824CAE1CD3A8640039301A /* Build configuration list for PBXProject "MuttCutts" */ = {
			isa = XCConfigurationList;
			buildConfigurations = (
				E3824CC81CD3A8650039301A /* Debug */,
				E3824CC91CD3A8650039301A /* Release */,
			);
			defaultConfigurationIsVisible = 0;
			defaultConfigurationName = Release;
		};
		E3824CCA1CD3A8650039301A /* Build configuration list for PBXNativeTarget "MuttCutts" */ = {
			isa = XCConfigurationList;
			buildConfigurations = (
				E3824CCB1CD3A8650039301A /* Debug */,
				E3824CCC1CD3A8650039301A /* Release */,
			);
			defaultConfigurationIsVisible = 0;
		};
/* End XCConfigurationList section */
	};
	rootObject = E3824CAB1CD3A8640039301A /* Project object */;
}
